
Microsoft Visual Studio Solution File, Format Version 12.00
# Visual Studio Version 16
VisualStudioVersion = 16.0.30717.126
MinimumVisualStudioVersion = 10.0.40219.1
Project("{FAE04EC0-301F-11D3-BF4B-00C04F79EFBC}") = "DesignPatterns", "DesignPatterns.csproj", "{3A554AF7-D678-4A41-B43E-1BA5CE213164}"
EndProject
Global
	GlobalSection(SolutionConfigurationPlatforms) = preSolution
		Debug|Any CPU = Debug|Any CPU
		Release|Any CPU = Release|Any CPU
	EndGlobalSection
	GlobalSection(ProjectConfigurationPlatforms) = postSolution
		{3A554AF7-D678-4A41-B43E-1BA5CE213164}.Debug|Any CPU.ActiveCfg = Debug|Any CPU
		{3A554AF7-D678-4A41-B43E-1BA5CE213164}.Debug|Any CPU.Build.0 = Debug|Any CPU
		{3A554AF7-D678-4A41-B43E-1BA5CE213164}.Release|Any CPU.ActiveCfg = Release|Any CPU
		{3A554AF7-D678-4A41-B43E-1BA5CE213164}.Release|Any CPU.Build.0 = Release|Any CPU
	EndGlobalSection
	GlobalSection(SolutionProperties) = preSolution
		HideSolutionNode = FALSE
	EndGlobalSection
	GlobalSection(ExtensibilityGlobals) = postSolution
		SolutionGuid = {CB5E98C8-F804-4273-96B0-38F6B46BF9DC}
	EndGlobalSection
EndGlobal
