
Microsoft Visual Studio Solution File, Format Version 12.00
# Visual Studio Version 16
VisualStudioVersion = 16.0.30907.101
MinimumVisualStudioVersion = 10.0.40219.1
Project("{FAE04EC0-301F-11D3-BF4B-00C04F79EFBC}") = "EventsAndDelegates", "EventsAndDelegates.csproj", "{6DA81BCA-1617-4A61-9E01-18F95E7EF79C}"
EndProject
Global
	GlobalSection(SolutionConfigurationPlatforms) = preSolution
		Debug|Any CPU = Debug|Any CPU
		Release|Any CPU = Release|Any CPU
	EndGlobalSection
	GlobalSection(ProjectConfigurationPlatforms) = postSolution
		{6DA81BCA-1617-4A61-9E01-18F95E7EF79C}.Debug|Any CPU.ActiveCfg = Debug|Any CPU
		{6DA81BCA-1617-4A61-9E01-18F95E7EF79C}.Debug|Any CPU.Build.0 = Debug|Any CPU
		{6DA81BCA-1617-4A61-9E01-18F95E7EF79C}.Release|Any CPU.ActiveCfg = Release|Any CPU
		{6DA81BCA-1617-4A61-9E01-18F95E7EF79C}.Release|Any CPU.Build.0 = Release|Any CPU
	EndGlobalSection
	GlobalSection(SolutionProperties) = preSolution
		HideSolutionNode = FALSE
	EndGlobalSection
	GlobalSection(ExtensibilityGlobals) = postSolution
		SolutionGuid = {6059E381-FA46-49D0-A649-BB860A97F6EE}
	EndGlobalSection
EndGlobal
