Microsoft Visual Studio Solution File, Format Version 8.00
Project("{FAE04EC0-301F-11D3-BF4B-00C04F79EFBC}") = "Common", "Common\Common.csproj", "{BFAD4897-E5ED-4D36-9640-5F590B3A679C}"
	ProjectSection(ProjectDependencies) = postProject
	EndProjectSection
EndProject
Project("{FAE04EC0-301F-11D3-BF4B-00C04F79EFBC}") = "DemoDataTransferObjects", "DemoDataTransferObjects\DemoDataTransferObjects.csproj", "{C1B99ABD-21DF-43CF-A27D-99B550540F04}"
	ProjectSection(ProjectDependencies) = postProject
	EndProjectSection
EndProject
Project("{FAE04EC0-301F-11D3-BF4B-00C04F79EFBC}") = "DemoConsoleApplication", "DemoConsoleApplication\DemoConsoleApplication.csproj", "{B69F0197-228D-4B40-80D2-1F4C89800FE2}"
	ProjectSection(ProjectDependencies) = postProject
	EndProjectSection
EndProject
Global
	GlobalSection(SolutionConfiguration) = preSolution
		Debug = Debug
		Release = Release
	EndGlobalSection
	GlobalSection(ProjectConfiguration) = postSolution
		{BFAD4897-E5ED-4D36-9640-5F590B3A679C}.Debug.ActiveCfg = Debug|.NET
		{BFAD4897-E5ED-4D36-9640-5F590B3A679C}.Debug.Build.0 = Debug|.NET
		{BFAD4897-E5ED-4D36-9640-5F590B3A679C}.Release.ActiveCfg = Release|.NET
		{BFAD4897-E5ED-4D36-9640-5F590B3A679C}.Release.Build.0 = Release|.NET
		{C1B99ABD-21DF-43CF-A27D-99B550540F04}.Debug.ActiveCfg = Debug|.NET
		{C1B99ABD-21DF-43CF-A27D-99B550540F04}.Debug.Build.0 = Debug|.NET
		{C1B99ABD-21DF-43CF-A27D-99B550540F04}.Release.ActiveCfg = Release|.NET
		{C1B99ABD-21DF-43CF-A27D-99B550540F04}.Release.Build.0 = Release|.NET
		{B69F0197-228D-4B40-80D2-1F4C89800FE2}.Debug.ActiveCfg = Debug|.NET
		{B69F0197-228D-4B40-80D2-1F4C89800FE2}.Debug.Build.0 = Debug|.NET
		{B69F0197-228D-4B40-80D2-1F4C89800FE2}.Release.ActiveCfg = Release|.NET
		{B69F0197-228D-4B40-80D2-1F4C89800FE2}.Release.Build.0 = Release|.NET
	EndGlobalSection
	GlobalSection(ExtensibilityGlobals) = postSolution
	EndGlobalSection
	GlobalSection(ExtensibilityAddIns) = postSolution
	EndGlobalSection
EndGlobal
