
Microsoft Visual Studio Solution File, Format Version 12.00
# Visual Studio Version 16
VisualStudioVersion = 16.0.30611.23
MinimumVisualStudioVersion = 10.0.40219.1
Project("{FAE04EC0-301F-11D3-BF4B-00C04F79EFBC}") = "MyFirstReactProject", "MyFirstReactProject.csproj", "{DC6C4CA5-ABB1-40A6-9BF9-D99C7093624A}"
EndProject
Global
	GlobalSection(SolutionConfigurationPlatforms) = preSolution
		Debug|Any CPU = Debug|Any CPU
		Release|Any CPU = Release|Any CPU
	EndGlobalSection
	GlobalSection(ProjectConfigurationPlatforms) = postSolution
		{DC6C4CA5-ABB1-40A6-9BF9-D99C7093624A}.Debug|Any CPU.ActiveCfg = Debug|Any CPU
		{DC6C4CA5-ABB1-40A6-9BF9-D99C7093624A}.Debug|Any CPU.Build.0 = Debug|Any CPU
		{DC6C4CA5-ABB1-40A6-9BF9-D99C7093624A}.Release|Any CPU.ActiveCfg = Release|Any CPU
		{DC6C4CA5-ABB1-40A6-9BF9-D99C7093624A}.Release|Any CPU.Build.0 = Release|Any CPU
	EndGlobalSection
	GlobalSection(SolutionProperties) = preSolution
		HideSolutionNode = FALSE
	EndGlobalSection
	GlobalSection(ExtensibilityGlobals) = postSolution
		SolutionGuid = {CCCA037D-F4E0-4FF5-AABB-B84BB7A185B7}
	EndGlobalSection
EndGlobal
