
Microsoft Visual Studio Solution File, Format Version 12.00
# Visual Studio Version 16
VisualStudioVersion = 16.0.30717.126
MinimumVisualStudioVersion = 10.0.40219.1
Project("{FAE04EC0-301F-11D3-BF4B-00C04F79EFBC}") = "LINQWithFiles", "LINQWithFiles.csproj", "{9021A825-BE65-4DBE-85E9-533815917677}"
EndProject
Global
	GlobalSection(SolutionConfigurationPlatforms) = preSolution
		Debug|Any CPU = Debug|Any CPU
		Release|Any CPU = Release|Any CPU
	EndGlobalSection
	GlobalSection(ProjectConfigurationPlatforms) = postSolution
		{9021A825-BE65-4DBE-85E9-533815917677}.Debug|Any CPU.ActiveCfg = Debug|Any CPU
		{9021A825-BE65-4DBE-85E9-533815917677}.Debug|Any CPU.Build.0 = Debug|Any CPU
		{9021A825-BE65-4DBE-85E9-533815917677}.Release|Any CPU.ActiveCfg = Release|Any CPU
		{9021A825-BE65-4DBE-85E9-533815917677}.Release|Any CPU.Build.0 = Release|Any CPU
	EndGlobalSection
	GlobalSection(SolutionProperties) = preSolution
		HideSolutionNode = FALSE
	EndGlobalSection
	GlobalSection(ExtensibilityGlobals) = postSolution
		SolutionGuid = {CF2F4362-4975-48B1-BF40-CF013AD48BEE}
	EndGlobalSection
EndGlobal
