
Microsoft Visual Studio Solution File, Format Version 12.00
# Visual Studio Version 16
VisualStudioVersion = 16.0.30717.126
MinimumVisualStudioVersion = 10.0.40219.1
Project("{9092AA53-FB77-4645-B42D-1CCCA6BD08BD}") = "MyFirstNodeWebApp", "MyFirstNodeWebApp.njsproj", "{60BFA0F1-85AD-4E48-912A-47F4758F9F8C}"
EndProject
Global
	GlobalSection(SolutionConfigurationPlatforms) = preSolution
		Debug|Any CPU = Debug|Any CPU
		Release|Any CPU = Release|Any CPU
	EndGlobalSection
	GlobalSection(ProjectConfigurationPlatforms) = postSolution
		{60BFA0F1-85AD-4E48-912A-47F4758F9F8C}.Debug|Any CPU.ActiveCfg = Debug|Any CPU
		{60BFA0F1-85AD-4E48-912A-47F4758F9F8C}.Debug|Any CPU.Build.0 = Debug|Any CPU
		{60BFA0F1-85AD-4E48-912A-47F4758F9F8C}.Release|Any CPU.ActiveCfg = Release|Any CPU
		{60BFA0F1-85AD-4E48-912A-47F4758F9F8C}.Release|Any CPU.Build.0 = Release|Any CPU
	EndGlobalSection
	GlobalSection(SolutionProperties) = preSolution
		HideSolutionNode = FALSE
	EndGlobalSection
	GlobalSection(ExtensibilityGlobals) = postSolution
		SolutionGuid = {9D14D6ED-1DEA-4EF1-9BDD-CB17D0DCC1BE}
	EndGlobalSection
EndGlobal
